
Microsoft Visual Studio Solution File, Format Version 12.00
# Visual Studio Version 17
VisualStudioVersion = 17.1.32421.90
MinimumVisualStudioVersion = 10.0.40219.1
Project("{FAE04EC0-301F-11D3-BF4B-00C04F79EFBC}") = "PTAD_FACE_DETECTION", "PTAD_FACE_DETECTION\PTAD_FACE_DETECTION.csproj", "{D218B2D4-86B0-465A-B98B-63E4F4CE1E7D}"
EndProject
Global
	GlobalSection(SolutionConfigurationPlatforms) = preSolution
		Debug|Any CPU = Debug|Any CPU
		Release|Any CPU = Release|Any CPU
	EndGlobalSection
	GlobalSection(ProjectConfigurationPlatforms) = postSolution
		{D218B2D4-86B0-465A-B98B-63E4F4CE1E7D}.Debug|Any CPU.ActiveCfg = Debug|Any CPU
		{D218B2D4-86B0-465A-B98B-63E4F4CE1E7D}.Debug|Any CPU.Build.0 = Debug|Any CPU
		{D218B2D4-86B0-465A-B98B-63E4F4CE1E7D}.Release|Any CPU.ActiveCfg = Release|Any CPU
		{D218B2D4-86B0-465A-B98B-63E4F4CE1E7D}.Release|Any CPU.Build.0 = Release|Any CPU
	EndGlobalSection
	GlobalSection(SolutionProperties) = preSolution
		HideSolutionNode = FALSE
	EndGlobalSection
	GlobalSection(ExtensibilityGlobals) = postSolution
		SolutionGuid = {2302AEAB-03D3-427A-B2FD-6834224E7231}
	EndGlobalSection
EndGlobal
